
Microsoft Visual Studio Solution File, Format Version 12.00
# Visual Studio Version 16
VisualStudioVersion = 16.0.31005.135
MinimumVisualStudioVersion = 10.0.40219.1
Project("{FAE04EC0-301F-11D3-BF4B-00C04F79EFBC}") = "Linq-GettingSetOFNumbersGreaterThanParticularNumber", "Linq-GettingSetOFNumbersGreaterThanParticularNumber\Linq-GettingSetOFNumbersGreaterThanParticularNumber.csproj", "{77C63012-BE33-4812-9ED5-C6E761F7E40A}"
EndProject
Global
	GlobalSection(SolutionConfigurationPlatforms) = preSolution
		Debug|Any CPU = Debug|Any CPU
		Release|Any CPU = Release|Any CPU
	EndGlobalSection
	GlobalSection(ProjectConfigurationPlatforms) = postSolution
		{77C63012-BE33-4812-9ED5-C6E761F7E40A}.Debug|Any CPU.ActiveCfg = Debug|Any CPU
		{77C63012-BE33-4812-9ED5-C6E761F7E40A}.Debug|Any CPU.Build.0 = Debug|Any CPU
		{77C63012-BE33-4812-9ED5-C6E761F7E40A}.Release|Any CPU.ActiveCfg = Release|Any CPU
		{77C63012-BE33-4812-9ED5-C6E761F7E40A}.Release|Any CPU.Build.0 = Release|Any CPU
	EndGlobalSection
	GlobalSection(SolutionProperties) = preSolution
		HideSolutionNode = FALSE
	EndGlobalSection
	GlobalSection(ExtensibilityGlobals) = postSolution
		SolutionGuid = {1F6FB2E3-7C62-4B41-873A-843E31A1ED56}
	EndGlobalSection
EndGlobal
